// !$*UTF8*$!
{
	archiveVersion = 1;
	classes = {
	};
	objectVersion = 55;
	objects = {

/* Begin PBXBuildFile section */
		0DF7991228BDF70E00B0DACD /* RegistrationStatus.swift in Sources */ = {isa = PBXBuildFile; fileRef = 0DF798FE28BDF70D00B0DACD /* RegistrationStatus.swift */; };
		0DF7991328BDF70E00B0DACD /* MenuView.swift in Sources */ = {isa = PBXBuildFile; fileRef = 0DF7990028BDF70D00B0DACD /* MenuView.swift */; };
		0DF7991428BDF70E00B0DACD /* Preview Content in Resources */ = {isa = PBXBuildFile; fileRef = 0DF7990128BDF70D00B0DACD /* Preview Content */; };
		0DF7991528BDF70E00B0DACD /* Registration.swift in Sources */ = {isa = PBXBuildFile; fileRef = 0DF7990228BDF70D00B0DACD /* Registration.swift */; };
		0DF7991628BDF70E00B0DACD /* GalleryViewModel.swift in Sources */ = {isa = PBXBuildFile; fileRef = 0DF7990328BDF70D00B0DACD /* GalleryViewModel.swift */; };
		0DF7991828BDF70E00B0DACD /* ImageDetailGps.swift in Sources */ = {isa = PBXBuildFile; fileRef = 0DF7990528BDF70D00B0DACD /* ImageDetailGps.swift */; };
		0DF7991928BDF70E00B0DACD /* CameraView.swift in Sources */ = {isa = PBXBuildFile; fileRef = 0DF7990628BDF70D00B0DACD /* CameraView.swift */; };
		0DF7991A28BDF70E00B0DACD /* ecologyApp.swift in Sources */ = {isa = PBXBuildFile; fileRef = 0DF7990728BDF70D00B0DACD /* ecologyApp.swift */; };
		0DF7991B28BDF70E00B0DACD /* CameraViewModel.swift in Sources */ = {isa = PBXBuildFile; fileRef = 0DF7990828BDF70D00B0DACD /* CameraViewModel.swift */; };
		0DF7991C28BDF70E00B0DACD /* ImageDetail.swift in Sources */ = {isa = PBXBuildFile; fileRef = 0DF7990928BDF70D00B0DACD /* ImageDetail.swift */; };
		0DF7991D28BDF70E00B0DACD /* ImageDetailGpsView.swift in Sources */ = {isa = PBXBuildFile; fileRef = 0DF7990A28BDF70D00B0DACD /* ImageDetailGpsView.swift */; };
		0DF7991E28BDF70E00B0DACD /* GalleryView.swift in Sources */ = {isa = PBXBuildFile; fileRef = 0DF7990B28BDF70E00B0DACD /* GalleryView.swift */; };
		0DF7991F28BDF70E00B0DACD /* Assets.xcassets in Resources */ = {isa = PBXBuildFile; fileRef = 0DF7990C28BDF70E00B0DACD /* Assets.xcassets */; };
		0DF7992028BDF70E00B0DACD /* Camera.swift in Sources */ = {isa = PBXBuildFile; fileRef = 0DF7990D28BDF70E00B0DACD /* Camera.swift */; };
		0DF7992128BDF70E00B0DACD /* Gallery.swift in Sources */ = {isa = PBXBuildFile; fileRef = 0DF7990E28BDF70E00B0DACD /* Gallery.swift */; };
		0DF7992228BDF70E00B0DACD /* ContentView.swift in Sources */ = {isa = PBXBuildFile; fileRef = 0DF7990F28BDF70E00B0DACD /* ContentView.swift */; };
		0DF7992328BDF70E00B0DACD /* ImageRegistration.swift in Sources */ = {isa = PBXBuildFile; fileRef = 0DF7991028BDF70E00B0DACD /* ImageRegistration.swift */; };
		0DF7992428BDF70E00B0DACD /* LocationService.swift in Sources */ = {isa = PBXBuildFile; fileRef = 0DF7991128BDF70E00B0DACD /* LocationService.swift */; };
		0DF7992628BDF96A00B0DACD /* Preview Assets.xcassets in Resources */ = {isa = PBXBuildFile; fileRef = 0DF7992528BDF96A00B0DACD /* Preview Assets.xcassets */; };
/* End PBXBuildFile section */

/* Begin PBXContainerItemProxy section */
		0DF798E128BDF6E300B0DACD /* PBXContainerItemProxy */ = {
			isa = PBXContainerItemProxy;
			containerPortal = 0DF798C828BDF6E200B0DACD /* Project object */;
			proxyType = 1;
			remoteGlobalIDString = 0DF798CF28BDF6E200B0DACD;
			remoteInfo = ecology;
		};
		0DF798EB28BDF6E300B0DACD /* PBXContainerItemProxy */ = {
			isa = PBXContainerItemProxy;
			containerPortal = 0DF798C828BDF6E200B0DACD /* Project object */;
			proxyType = 1;
			remoteGlobalIDString = 0DF798CF28BDF6E200B0DACD;
			remoteInfo = ecology;
		};
/* End PBXContainerItemProxy section */

/* Begin PBXFileReference section */
		0DF798D028BDF6E200B0DACD /* ecology.app */ = {isa = PBXFileReference; explicitFileType = wrapper.application; includeInIndex = 0; path = ecology.app; sourceTree = BUILT_PRODUCTS_DIR; };
		0DF798E028BDF6E300B0DACD /* ecologyTests.xctest */ = {isa = PBXFileReference; explicitFileType = wrapper.cfbundle; includeInIndex = 0; path = ecologyTests.xctest; sourceTree = BUILT_PRODUCTS_DIR; };
		0DF798EA28BDF6E300B0DACD /* ecologyUITests.xctest */ = {isa = PBXFileReference; explicitFileType = wrapper.cfbundle; includeInIndex = 0; path = ecologyUITests.xctest; sourceTree = BUILT_PRODUCTS_DIR; };
		0DF798FD28BDF70D00B0DACD /* ecology-Bridging-Header.h */ = {isa = PBXFileReference; lastKnownFileType = sourcecode.c.h; path = "ecology-Bridging-Header.h"; sourceTree = "<group>"; };
		0DF798FE28BDF70D00B0DACD /* RegistrationStatus.swift */ = {isa = PBXFileReference; fileEncoding = 4; lastKnownFileType = sourcecode.swift; path = RegistrationStatus.swift; sourceTree = "<group>"; };
		0DF798FF28BDF70D00B0DACD /* ecology.entitlements */ = {isa = PBXFileReference; fileEncoding = 4; lastKnownFileType = text.plist.entitlements; path = ecology.entitlements; sourceTree = "<group>"; };
		0DF7990028BDF70D00B0DACD /* MenuView.swift */ = {isa = PBXFileReference; fileEncoding = 4; lastKnownFileType = sourcecode.swift; path = MenuView.swift; sourceTree = "<group>"; };
		0DF7990128BDF70D00B0DACD /* Preview Content */ = {isa = PBXFileReference; lastKnownFileType = folder; name = "Preview Content"; path = "../../../../../Downloads/ecology-master 2/ecology/Preview Content"; sourceTree = "<group>"; };
		0DF7990228BDF70D00B0DACD /* Registration.swift */ = {isa = PBXFileReference; fileEncoding = 4; lastKnownFileType = sourcecode.swift; path = Registration.swift; sourceTree = "<group>"; };
		0DF7990328BDF70D00B0DACD /* GalleryViewModel.swift */ = {isa = PBXFileReference; fileEncoding = 4; lastKnownFileType = sourcecode.swift; path = GalleryViewModel.swift; sourceTree = "<group>"; };
		0DF7990428BDF70D00B0DACD /* Info.plist */ = {isa = PBXFileReference; fileEncoding = 4; lastKnownFileType = text.plist.xml; path = Info.plist; sourceTree = "<group>"; };
		0DF7990528BDF70D00B0DACD /* ImageDetailGps.swift */ = {isa = PBXFileReference; fileEncoding = 4; lastKnownFileType = sourcecode.swift; path = ImageDetailGps.swift; sourceTree = "<group>"; };
		0DF7990628BDF70D00B0DACD /* CameraView.swift */ = {isa = PBXFileReference; fileEncoding = 4; lastKnownFileType = sourcecode.swift; path = CameraView.swift; sourceTree = "<group>"; };
		0DF7990728BDF70D00B0DACD /* ecologyApp.swift */ = {isa = PBXFileReference; fileEncoding = 4; lastKnownFileType = sourcecode.swift; name = ecologyApp.swift; path = "../../../../../Downloads/ecology-master 2/ecology/ecologyApp.swift"; sourceTree = "<group>"; };
		0DF7990828BDF70D00B0DACD /* CameraViewModel.swift */ = {isa = PBXFileReference; fileEncoding = 4; lastKnownFileType = sourcecode.swift; path = CameraViewModel.swift; sourceTree = "<group>"; };
		0DF7990928BDF70D00B0DACD /* ImageDetail.swift */ = {isa = PBXFileReference; fileEncoding = 4; lastKnownFileType = sourcecode.swift; path = ImageDetail.swift; sourceTree = "<group>"; };
		0DF7990A28BDF70D00B0DACD /* ImageDetailGpsView.swift */ = {isa = PBXFileReference; fileEncoding = 4; lastKnownFileType = sourcecode.swift; path = ImageDetailGpsView.swift; sourceTree = "<group>"; };
		0DF7990B28BDF70E00B0DACD /* GalleryView.swift */ = {isa = PBXFileReference; fileEncoding = 4; lastKnownFileType = sourcecode.swift; path = GalleryView.swift; sourceTree = "<group>"; };
		0DF7990C28BDF70E00B0DACD /* Assets.xcassets */ = {isa = PBXFileReference; lastKnownFileType = folder.assetcatalog; name = Assets.xcassets; path = "../../../../../Downloads/ecology-master 2/ecology/Assets.xcassets"; sourceTree = "<group>"; };
		0DF7990D28BDF70E00B0DACD /* Camera.swift */ = {isa = PBXFileReference; fileEncoding = 4; lastKnownFileType = sourcecode.swift; path = Camera.swift; sourceTree = "<group>"; };
		0DF7990E28BDF70E00B0DACD /* Gallery.swift */ = {isa = PBXFileReference; fileEncoding = 4; lastKnownFileType = sourcecode.swift; path = Gallery.swift; sourceTree = "<group>"; };
		0DF7990F28BDF70E00B0DACD /* ContentView.swift */ = {isa = PBXFileReference; fileEncoding = 4; lastKnownFileType = sourcecode.swift; name = ContentView.swift; path = "../../../../../Downloads/ecology-master 2/ecology/ContentView.swift"; sourceTree = "<group>"; };
		0DF7991028BDF70E00B0DACD /* ImageRegistration.swift */ = {isa = PBXFileReference; fileEncoding = 4; lastKnownFileType = sourcecode.swift; path = ImageRegistration.swift; sourceTree = "<group>"; };
		0DF7991128BDF70E00B0DACD /* LocationService.swift */ = {isa = PBXFileReference; fileEncoding = 4; lastKnownFileType = sourcecode.swift; path = LocationService.swift; sourceTree = "<group>"; };
		0DF7992528BDF96A00B0DACD /* Preview Assets.xcassets */ = {isa = PBXFileReference; lastKnownFileType = folder.assetcatalog; path = "Preview Assets.xcassets"; sourceTree = "<group>"; };
/* End PBXFileReference section */

/* Begin PBXFrameworksBuildPhase section */
		0DF798CD28BDF6E200B0DACD /* Frameworks */ = {
			isa = PBXFrameworksBuildPhase;
			buildActionMask = 2147483647;
			files = (
			);
			runOnlyForDeploymentPostprocessing = 0;
		};
		0DF798DD28BDF6E300B0DACD /* Frameworks */ = {
			isa = PBXFrameworksBuildPhase;
			buildActionMask = 2147483647;
			files = (
			);
			runOnlyForDeploymentPostprocessing = 0;
		};
		0DF798E728BDF6E300B0DACD /* Frameworks */ = {
			isa = PBXFrameworksBuildPhase;
			buildActionMask = 2147483647;
			files = (
			);
			runOnlyForDeploymentPostprocessing = 0;
		};
/* End PBXFrameworksBuildPhase section */

/* Begin PBXGroup section */
		0DF798C728BDF6E200B0DACD = {
			isa = PBXGroup;
			children = (
				0DF7992528BDF96A00B0DACD /* Preview Assets.xcassets */,
				0DF798D228BDF6E200B0DACD /* ecology */,
				0DF798D128BDF6E200B0DACD /* Products */,
			);
			sourceTree = "<group>";
		};
		0DF798D128BDF6E200B0DACD /* Products */ = {
			isa = PBXGroup;
			children = (
				0DF798D028BDF6E200B0DACD /* ecology.app */,
				0DF798E028BDF6E300B0DACD /* ecologyTests.xctest */,
				0DF798EA28BDF6E300B0DACD /* ecologyUITests.xctest */,
			);
			name = Products;
			sourceTree = "<group>";
		};
		0DF798D228BDF6E200B0DACD /* ecology */ = {
			isa = PBXGroup;
			children = (
				0DF7990C28BDF70E00B0DACD /* Assets.xcassets */,
				0DF7990D28BDF70E00B0DACD /* Camera.swift */,
				0DF7990628BDF70D00B0DACD /* CameraView.swift */,
				0DF7990828BDF70D00B0DACD /* CameraViewModel.swift */,
				0DF7990F28BDF70E00B0DACD /* ContentView.swift */,
				0DF798FF28BDF70D00B0DACD /* ecology.entitlements */,
				0DF7990728BDF70D00B0DACD /* ecologyApp.swift */,
				0DF7990E28BDF70E00B0DACD /* Gallery.swift */,
				0DF7990B28BDF70E00B0DACD /* GalleryView.swift */,
				0DF7990328BDF70D00B0DACD /* GalleryViewModel.swift */,
				0DF7990928BDF70D00B0DACD /* ImageDetail.swift */,
				0DF7990528BDF70D00B0DACD /* ImageDetailGps.swift */,
				0DF7990A28BDF70D00B0DACD /* ImageDetailGpsView.swift */,
				0DF7991028BDF70E00B0DACD /* ImageRegistration.swift */,
				0DF7990428BDF70D00B0DACD /* Info.plist */,
				0DF7991128BDF70E00B0DACD /* LocationService.swift */,
				0DF7990028BDF70D00B0DACD /* MenuView.swift */,
				0DF7990128BDF70D00B0DACD /* Preview Content */,
				0DF7990228BDF70D00B0DACD /* Registration.swift */,
				0DF798FE28BDF70D00B0DACD /* RegistrationStatus.swift */,
				0DF798FD28BDF70D00B0DACD /* ecology-Bridging-Header.h */,
			);
			path = ecology;
			sourceTree = "<group>";
		};
/* End PBXGroup section */

/* Begin PBXNativeTarget section */
		0DF798CF28BDF6E200B0DACD /* ecology */ = {
			isa = PBXNativeTarget;
			buildConfigurationList = 0DF798F428BDF6E300B0DACD /* Build configuration list for PBXNativeTarget "ecology" */;
			buildPhases = (
				0DF798CC28BDF6E200B0DACD /* Sources */,
				0DF798CD28BDF6E200B0DACD /* Frameworks */,
				0DF798CE28BDF6E200B0DACD /* Resources */,
			);
			buildRules = (
			);
			dependencies = (
			);
			name = ecology;
			productName = ecology;
			productReference = 0DF798D028BDF6E200B0DACD /* ecology.app */;
			productType = "com.apple.product-type.application";
		};
		0DF798DF28BDF6E300B0DACD /* ecologyTests */ = {
			isa = PBXNativeTarget;
			buildConfigurationList = 0DF798F728BDF6E300B0DACD /* Build configuration list for PBXNativeTarget "ecologyTests" */;
			buildPhases = (
				0DF798DC28BDF6E300B0DACD /* Sources */,
				0DF798DD28BDF6E300B0DACD /* Frameworks */,
				0DF798DE28BDF6E300B0DACD /* Resources */,
			);
			buildRules = (
			);
			dependencies = (
				0DF798E228BDF6E300B0DACD /* PBXTargetDependency */,
			);
			name = ecologyTests;
			productName = ecologyTests;
			productReference = 0DF798E028BDF6E300B0DACD /* ecologyTests.xctest */;
			productType = "com.apple.product-type.bundle.unit-test";
		};
		0DF798E928BDF6E300B0DACD /* ecologyUITests */ = {
			isa = PBXNativeTarget;
			buildConfigurationList = 0DF798FA28BDF6E300B0DACD /* Build configuration list for PBXNativeTarget "ecologyUITests" */;
			buildPhases = (
				0DF798E628BDF6E300B0DACD /* Sources */,
				0DF798E728BDF6E300B0DACD /* Frameworks */,
				0DF798E828BDF6E300B0DACD /* Resources */,
			);
			buildRules = (
			);
			dependencies = (
				0DF798EC28BDF6E300B0DACD /* PBXTargetDependency */,
			);
			name = ecologyUITests;
			productName = ecologyUITests;
			productReference = 0DF798EA28BDF6E300B0DACD /* ecologyUITests.xctest */;
			productType = "com.apple.product-type.bundle.ui-testing";
		};
/* End PBXNativeTarget section */

/* Begin PBXProject section */
		0DF798C828BDF6E200B0DACD /* Project object */ = {
			isa = PBXProject;
			attributes = {
				BuildIndependentTargetsInParallel = 1;
				LastSwiftUpdateCheck = 1340;
				LastUpgradeCheck = 1340;
				TargetAttributes = {
					0DF798CF28BDF6E200B0DACD = {
						CreatedOnToolsVersion = 13.4.1;
						LastSwiftMigration = 1340;
					};
					0DF798DF28BDF6E300B0DACD = {
						CreatedOnToolsVersion = 13.4.1;
						TestTargetID = 0DF798CF28BDF6E200B0DACD;
					};
					0DF798E928BDF6E300B0DACD = {
						CreatedOnToolsVersion = 13.4.1;
						TestTargetID = 0DF798CF28BDF6E200B0DACD;
					};
				};
			};
			buildConfigurationList = 0DF798CB28BDF6E200B0DACD /* Build configuration list for PBXProject "ecology" */;
			compatibilityVersion = "Xcode 13.0";
			developmentRegion = en;
			hasScannedForEncodings = 0;
			knownRegions = (
				en,
				Base,
			);
			mainGroup = 0DF798C728BDF6E200B0DACD;
			productRefGroup = 0DF798D128BDF6E200B0DACD /* Products */;
			projectDirPath = "";
			projectRoot = "";
			targets = (
				0DF798CF28BDF6E200B0DACD /* ecology */,
				0DF798DF28BDF6E300B0DACD /* ecologyTests */,
				0DF798E928BDF6E300B0DACD /* ecologyUITests */,
			);
		};
/* End PBXProject section */

/* Begin PBXResourcesBuildPhase section */
		0DF798CE28BDF6E200B0DACD /* Resources */ = {
			isa = PBXResourcesBuildPhase;
			buildActionMask = 2147483647;
			files = (
				0DF7991F28BDF70E00B0DACD /* Assets.xcassets in Resources */,
				0DF7991428BDF70E00B0DACD /* Preview Content in Resources */,
				0DF7992628BDF96A00B0DACD /* Preview Assets.xcassets in Resources */,
			);
			runOnlyForDeploymentPostprocessing = 0;
		};
		0DF798DE28BDF6E300B0DACD /* Resources */ = {
			isa = PBXResourcesBuildPhase;
			buildActionMask = 2147483647;
			files = (
			);
			runOnlyForDeploymentPostprocessing = 0;
		};
		0DF798E828BDF6E300B0DACD /* Resources */ = {
			isa = PBXResourcesBuildPhase;
			buildActionMask = 2147483647;
			files = (
			);
			runOnlyForDeploymentPostprocessing = 0;
		};
/* End PBXResourcesBuildPhase section */

/* Begin PBXSourcesBuildPhase section */
		0DF798CC28BDF6E200B0DACD /* Sources */ = {
			isa = PBXSourcesBuildPhase;
			buildActionMask = 2147483647;
			files = (
				0DF7991828BDF70E00B0DACD /* ImageDetailGps.swift in Sources */,
				0DF7991228BDF70E00B0DACD /* RegistrationStatus.swift in Sources */,
				0DF7992228BDF70E00B0DACD /* ContentView.swift in Sources */,
				0DF7992128BDF70E00B0DACD /* Gallery.swift in Sources */,
				0DF7991D28BDF70E00B0DACD /* ImageDetailGpsView.swift in Sources */,
				0DF7991628BDF70E00B0DACD /* GalleryViewModel.swift in Sources */,
				0DF7991928BDF70E00B0DACD /* CameraView.swift in Sources */,
				0DF7992328BDF70E00B0DACD /* ImageRegistration.swift in Sources */,
				0DF7991528BDF70E00B0DACD /* Registration.swift in Sources */,
				0DF7991B28BDF70E00B0DACD /* CameraViewModel.swift in Sources */,
				0DF7992428BDF70E00B0DACD /* LocationService.swift in Sources */,
				0DF7991C28BDF70E00B0DACD /* ImageDetail.swift in Sources */,
				0DF7992028BDF70E00B0DACD /* Camera.swift in Sources */,
				0DF7991E28BDF70E00B0DACD /* GalleryView.swift in Sources */,
				0DF7991A28BDF70E00B0DACD /* ecologyApp.swift in Sources */,
				0DF7991328BDF70E00B0DACD /* MenuView.swift in Sources */,
			);
			runOnlyForDeploymentPostprocessing = 0;
		};
		0DF798DC28BDF6E300B0DACD /* Sources */ = {
			isa = PBXSourcesBuildPhase;
			buildActionMask = 2147483647;
			files = (
			);
			runOnlyForDeploymentPostprocessing = 0;
		};
		0DF798E628BDF6E300B0DACD /* Sources */ = {
			isa = PBXSourcesBuildPhase;
			buildActionMask = 2147483647;
			files = (
			);
			runOnlyForDeploymentPostprocessing = 0;
		};
/* End PBXSourcesBuildPhase section */

/* Begin PBXTargetDependency section */
		0DF798E228BDF6E300B0DACD /* PBXTargetDependency */ = {
			isa = PBXTargetDependency;
			target = 0DF798CF28BDF6E200B0DACD /* ecology */;
			targetProxy = 0DF798E128BDF6E300B0DACD /* PBXContainerItemProxy */;
		};
		0DF798EC28BDF6E300B0DACD /* PBXTargetDependency */ = {
			isa = PBXTargetDependency;
			target = 0DF798CF28BDF6E200B0DACD /* ecology */;
			targetProxy = 0DF798EB28BDF6E300B0DACD /* PBXContainerItemProxy */;
		};
/* End PBXTargetDependency section */

/* Begin XCBuildConfiguration section */
		0DF798F228BDF6E300B0DACD /* Debug */ = {
			isa = XCBuildConfiguration;
			buildSettings = {
				ALWAYS_SEARCH_USER_PATHS = NO;
				CLANG_ANALYZER_NONNULL = YES;
				CLANG_ANALYZER_NUMBER_OBJECT_CONVERSION = YES_AGGRESSIVE;
				CLANG_CXX_LANGUAGE_STANDARD = "gnu++17";
				CLANG_ENABLE_MODULES = YES;
				CLANG_ENABLE_OBJC_ARC = YES;
				CLANG_ENABLE_OBJC_WEAK = YES;
				CLANG_WARN_BLOCK_CAPTURE_AUTORELEASING = YES;
				CLANG_WARN_BOOL_CONVERSION = YES;
				CLANG_WARN_COMMA = YES;
				CLANG_WARN_CONSTANT_CONVERSION = YES;
				CLANG_WARN_DEPRECATED_OBJC_IMPLEMENTATIONS = YES;
				CLANG_WARN_DIRECT_OBJC_ISA_USAGE = YES_ERROR;
				CLANG_WARN_DOCUMENTATION_COMMENTS = YES;
				CLANG_WARN_EMPTY_BODY = YES;
				CLANG_WARN_ENUM_CONVERSION = YES;
				CLANG_WARN_INFINITE_RECURSION = YES;
				CLANG_WARN_INT_CONVERSION = YES;
				CLANG_WARN_NON_LITERAL_NULL_CONVERSION = YES;
				CLANG_WARN_OBJC_IMPLICIT_RETAIN_SELF = YES;
				CLANG_WARN_OBJC_LITERAL_CONVERSION = YES;
				CLANG_WARN_OBJC_ROOT_CLASS = YES_ERROR;
				CLANG_WARN_QUOTED_INCLUDE_IN_FRAMEWORK_HEADER = YES;
				CLANG_WARN_RANGE_LOOP_ANALYSIS = YES;
				CLANG_WARN_STRICT_PROTOTYPES = YES;
				CLANG_WARN_SUSPICIOUS_MOVE = YES;
				CLANG_WARN_UNGUARDED_AVAILABILITY = YES_AGGRESSIVE;
				CLANG_WARN_UNREACHABLE_CODE = YES;
				CLANG_WARN__DUPLICATE_METHOD_MATCH = YES;
				COPY_PHASE_STRIP = NO;
				DEBUG_INFORMATION_FORMAT = dwarf;
				ENABLE_STRICT_OBJC_MSGSEND = YES;
				ENABLE_TESTABILITY = YES;
				GCC_C_LANGUAGE_STANDARD = gnu11;
				GCC_DYNAMIC_NO_PIC = NO;
				GCC_NO_COMMON_BLOCKS = YES;
				GCC_OPTIMIZATION_LEVEL = 0;
				GCC_PREPROCESSOR_DEFINITIONS = (
					"DEBUG=1",
					"$(inherited)",
				);
				GCC_WARN_64_TO_32_BIT_CONVERSION = YES;
				GCC_WARN_ABOUT_RETURN_TYPE = YES_ERROR;
				GCC_WARN_UNDECLARED_SELECTOR = YES;
				GCC_WARN_UNINITIALIZED_AUTOS = YES_AGGRESSIVE;
				GCC_WARN_UNUSED_FUNCTION = YES;
				GCC_WARN_UNUSED_VARIABLE = YES;
				IPHONEOS_DEPLOYMENT_TARGET = 15.5;
				MTL_ENABLE_DEBUG_INFO = INCLUDE_SOURCE;
				MTL_FAST_MATH = YES;
				ONLY_ACTIVE_ARCH = YES;
				SDKROOT = iphoneos;
				SWIFT_ACTIVE_COMPILATION_CONDITIONS = DEBUG;
				SWIFT_OPTIMIZATION_LEVEL = "-Onone";
			};
			name = Debug;
		};
		0DF798F328BDF6E300B0DACD /* Release */ = {
			isa = XCBuildConfiguration;
			buildSettings = {
				ALWAYS_SEARCH_USER_PATHS = NO;
				CLANG_ANALYZER_NONNULL = YES;
				CLANG_ANALYZER_NUMBER_OBJECT_CONVERSION = YES_AGGRESSIVE;
				CLANG_CXX_LANGUAGE_STANDARD = "gnu++17";
				CLANG_ENABLE_MODULES = YES;
				CLANG_ENABLE_OBJC_ARC = YES;
				CLANG_ENABLE_OBJC_WEAK = YES;
				CLANG_WARN_BLOCK_CAPTURE_AUTORELEASING = YES;
				CLANG_WARN_BOOL_CONVERSION = YES;
				CLANG_WARN_COMMA = YES;
				CLANG_WARN_CONSTANT_CONVERSION = YES;
				CLANG_WARN_DEPRECATED_OBJC_IMPLEMENTATIONS = YES;
				CLANG_WARN_DIRECT_OBJC_ISA_USAGE = YES_ERROR;
				CLANG_WARN_DOCUMENTATION_COMMENTS = YES;
				CLANG_WARN_EMPTY_BODY = YES;
				CLANG_WARN_ENUM_CONVERSION = YES;
				CLANG_WARN_INFINITE_RECURSION = YES;
				CLANG_WARN_INT_CONVERSION = YES;
				CLANG_WARN_NON_LITERAL_NULL_CONVERSION = YES;
				CLANG_WARN_OBJC_IMPLICIT_RETAIN_SELF = YES;
				CLANG_WARN_OBJC_LITERAL_CONVERSION = YES;
				CLANG_WARN_OBJC_ROOT_CLASS = YES_ERROR;
				CLANG_WARN_QUOTED_INCLUDE_IN_FRAMEWORK_HEADER = YES;
				CLANG_WARN_RANGE_LOOP_ANALYSIS = YES;
				CLANG_WARN_STRICT_PROTOTYPES = YES;
				CLANG_WARN_SUSPICIOUS_MOVE = YES;
				CLANG_WARN_UNGUARDED_AVAILABILITY = YES_AGGRESSIVE;
				CLANG_WARN_UNREACHABLE_CODE = YES;
				CLANG_WARN__DUPLICATE_METHOD_MATCH = YES;
				COPY_PHASE_STRIP = NO;
				DEBUG_INFORMATION_FORMAT = "dwarf-with-dsym";
				ENABLE_NS_ASSERTIONS = NO;
				ENABLE_STRICT_OBJC_MSGSEND = YES;
				GCC_C_LANGUAGE_STANDARD = gnu11;
				GCC_NO_COMMON_BLOCKS = YES;
				GCC_WARN_64_TO_32_BIT_CONVERSION = YES;
				GCC_WARN_ABOUT_RETURN_TYPE = YES_ERROR;
				GCC_WARN_UNDECLARED_SELECTOR = YES;
				GCC_WARN_UNINITIALIZED_AUTOS = YES_AGGRESSIVE;
				GCC_WARN_UNUSED_FUNCTION = YES;
				GCC_WARN_UNUSED_VARIABLE = YES;
				IPHONEOS_DEPLOYMENT_TARGET = 15.5;
				MTL_ENABLE_DEBUG_INFO = NO;
				MTL_FAST_MATH = YES;
				SDKROOT = iphoneos;
				SWIFT_COMPILATION_MODE = wholemodule;
				SWIFT_OPTIMIZATION_LEVEL = "-O";
				VALIDATE_PRODUCT = YES;
			};
			name = Release;
		};
		0DF798F528BDF6E300B0DACD /* Debug */ = {
			isa = XCBuildConfiguration;
			buildSettings = {
				ASSETCATALOG_COMPILER_APPICON_NAME = AppIcon;
				ASSETCATALOG_COMPILER_GLOBAL_ACCENT_COLOR_NAME = AccentColor;
				CLANG_ENABLE_MODULES = YES;
				CODE_SIGN_STYLE = Automatic;
				CURRENT_PROJECT_VERSION = 1;
				DEVELOPMENT_ASSET_PATHS = "\"ecology/Preview Content\"";
				DEVELOPMENT_TEAM = P4G4J87BM2;
				ENABLE_PREVIEWS = YES;
				GENERATE_INFOPLIST_FILE = NO;
				"INFOPLIST_FILE[sdk=*]" = ecology/Info.plist;
				INFOPLIST_KEY_UIApplicationSceneManifest_Generation = YES;
				INFOPLIST_KEY_UIApplicationSupportsIndirectInputEvents = YES;
				INFOPLIST_KEY_UILaunchScreen_Generation = YES;
				INFOPLIST_KEY_UISupportedInterfaceOrientations = UIInterfaceOrientationPortrait;
				INFOPLIST_KEY_UISupportedInterfaceOrientations_iPad = "UIInterfaceOrientationPortrait UIInterfaceOrientationPortraitUpsideDown UIInterfaceOrientationLandscapeLeft UIInterfaceOrientationLandscapeRight";
				INFOPLIST_KEY_UISupportedInterfaceOrientations_iPhone = "UIInterfaceOrientationPortrait UIInterfaceOrientationLandscapeLeft UIInterfaceOrientationLandscapeRight";
				LD_RUNPATH_SEARCH_PATHS = (
					"$(inherited)",
					"@executable_path/Frameworks",
				);
				MARKETING_VERSION = 1.0;
				PRODUCT_BUNDLE_IDENTIFIER = sundosoft.ecology;
				PRODUCT_NAME = "$(TARGET_NAME)";
				SWIFT_EMIT_LOC_STRINGS = YES;
				SWIFT_OBJC_BRIDGING_HEADER = "ecology/ecology-Bridging-Header.h";
				SWIFT_OPTIMIZATION_LEVEL = "-Onone";
				SWIFT_VERSION = 5.0;
				TARGETED_DEVICE_FAMILY = 1;
			};
			name = Debug;
		};
		0DF798F628BDF6E300B0DACD /* Release */ = {
			isa = XCBuildConfiguration;
			buildSettings = {
				ASSETCATALOG_COMPILER_APPICON_NAME = AppIcon;
				ASSETCATALOG_COMPILER_GLOBAL_ACCENT_COLOR_NAME = AccentColor;
				CLANG_ENABLE_MODULES = YES;
				CODE_SIGN_STYLE = Automatic;
				CURRENT_PROJECT_VERSION = 1;
				DEVELOPMENT_ASSET_PATHS = "\"ecology/Preview Content\"";
				DEVELOPMENT_TEAM = P4G4J87BM2;
				ENABLE_PREVIEWS = YES;
				GENERATE_INFOPLIST_FILE = NO;
				"INFOPLIST_FILE[sdk=*]" = ecology/Info.plist;
				INFOPLIST_KEY_UIApplicationSceneManifest_Generation = YES;
				INFOPLIST_KEY_UIApplicationSupportsIndirectInputEvents = YES;
				INFOPLIST_KEY_UILaunchScreen_Generation = YES;
				INFOPLIST_KEY_UISupportedInterfaceOrientations = UIInterfaceOrientationPortrait;
				INFOPLIST_KEY_UISupportedInterfaceOrientations_iPad = "UIInterfaceOrientationPortrait UIInterfaceOrientationPortraitUpsideDown UIInterfaceOrientationLandscapeLeft UIInterfaceOrientationLandscapeRight";
				INFOPLIST_KEY_UISupportedInterfaceOrientations_iPhone = "UIInterfaceOrientationPortrait UIInterfaceOrientationLandscapeLeft UIInterfaceOrientationLandscapeRight";
				LD_RUNPATH_SEARCH_PATHS = (
					"$(inherited)",
					"@executable_path/Frameworks",
				);
				MARKETING_VERSION = 1.0;
				PRODUCT_BUNDLE_IDENTIFIER = sundosoft.ecology;
				PRODUCT_NAME = "$(TARGET_NAME)";
				SWIFT_EMIT_LOC_STRINGS = YES;
				SWIFT_OBJC_BRIDGING_HEADER = "ecology/ecology-Bridging-Header.h";
				SWIFT_VERSION = 5.0;
				TARGETED_DEVICE_FAMILY = 1;
			};
			name = Release;
		};
		0DF798F828BDF6E300B0DACD /* Debug */ = {
			isa = XCBuildConfiguration;
			buildSettings = {
				ALWAYS_EMBED_SWIFT_STANDARD_LIBRARIES = YES;
				BUNDLE_LOADER = "$(TEST_HOST)";
				CODE_SIGN_STYLE = Automatic;
				CURRENT_PROJECT_VERSION = 1;
				GENERATE_INFOPLIST_FILE = YES;
				IPHONEOS_DEPLOYMENT_TARGET = 15.5;
				MARKETING_VERSION = 1.0;
				PRODUCT_BUNDLE_IDENTIFIER = sundosoft.ecologyTests;
				PRODUCT_NAME = "$(TARGET_NAME)";
				SWIFT_EMIT_LOC_STRINGS = NO;
				SWIFT_VERSION = 5.0;
				TARGETED_DEVICE_FAMILY = "1,2";
				TEST_HOST = "$(BUILT_PRODUCTS_DIR)/ecology.app/ecology";
			};
			name = Debug;
		};
		0DF798F928BDF6E300B0DACD /* Release */ = {
			isa = XCBuildConfiguration;
			buildSettings = {
				ALWAYS_EMBED_SWIFT_STANDARD_LIBRARIES = YES;
				BUNDLE_LOADER = "$(TEST_HOST)";
				CODE_SIGN_STYLE = Automatic;
				CURRENT_PROJECT_VERSION = 1;
				GENERATE_INFOPLIST_FILE = YES;
				IPHONEOS_DEPLOYMENT_TARGET = 15.5;
				MARKETING_VERSION = 1.0;
				PRODUCT_BUNDLE_IDENTIFIER = sundosoft.ecologyTests;
				PRODUCT_NAME = "$(TARGET_NAME)";
				SWIFT_EMIT_LOC_STRINGS = NO;
				SWIFT_VERSION = 5.0;
				TARGETED_DEVICE_FAMILY = "1,2";
				TEST_HOST = "$(BUILT_PRODUCTS_DIR)/ecology.app/ecology";
			};
			name = Release;
		};
		0DF798FB28BDF6E300B0DACD /* Debug */ = {
			isa = XCBuildConfiguration;
			buildSettings = {
				ALWAYS_EMBED_SWIFT_STANDARD_LIBRARIES = YES;
				CODE_SIGN_STYLE = Automatic;
				CURRENT_PROJECT_VERSION = 1;
				GENERATE_INFOPLIST_FILE = YES;
				MARKETING_VERSION = 1.0;
				PRODUCT_BUNDLE_IDENTIFIER = sundosoft.ecologyUITests;
				PRODUCT_NAME = "$(TARGET_NAME)";
				SWIFT_EMIT_LOC_STRINGS = NO;
				SWIFT_VERSION = 5.0;
				TARGETED_DEVICE_FAMILY = "1,2";
				TEST_TARGET_NAME = ecology;
			};
			name = Debug;
		};
		0DF798FC28BDF6E300B0DACD /* Release */ = {
			isa = XCBuildConfiguration;
			buildSettings = {
				ALWAYS_EMBED_SWIFT_STANDARD_LIBRARIES = YES;
				CODE_SIGN_STYLE = Automatic;
				CURRENT_PROJECT_VERSION = 1;
				GENERATE_INFOPLIST_FILE = YES;
				MARKETING_VERSION = 1.0;
				PRODUCT_BUNDLE_IDENTIFIER = sundosoft.ecologyUITests;
				PRODUCT_NAME = "$(TARGET_NAME)";
				SWIFT_EMIT_LOC_STRINGS = NO;
				SWIFT_VERSION = 5.0;
				TARGETED_DEVICE_FAMILY = "1,2";
				TEST_TARGET_NAME = ecology;
			};
			name = Release;
		};
/* End XCBuildConfiguration section */

/* Begin XCConfigurationList section */
		0DF798CB28BDF6E200B0DACD /* Build configuration list for PBXProject "ecology" */ = {
			isa = XCConfigurationList;
			buildConfigurations = (
				0DF798F228BDF6E300B0DACD /* Debug */,
				0DF798F328BDF6E300B0DACD /* Release */,
			);
			defaultConfigurationIsVisible = 0;
			defaultConfigurationName = Release;
		};
		0DF798F428BDF6E300B0DACD /* Build configuration list for PBXNativeTarget "ecology" */ = {
			isa = XCConfigurationList;
			buildConfigurations = (
				0DF798F528BDF6E300B0DACD /* Debug */,
				0DF798F628BDF6E300B0DACD /* Release */,
			);
			defaultConfigurationIsVisible = 0;
			defaultConfigurationName = Release;
		};
		0DF798F728BDF6E300B0DACD /* Build configuration list for PBXNativeTarget "ecologyTests" */ = {
			isa = XCConfigurationList;
			buildConfigurations = (
				0DF798F828BDF6E300B0DACD /* Debug */,
				0DF798F928BDF6E300B0DACD /* Release */,
			);
			defaultConfigurationIsVisible = 0;
			defaultConfigurationName = Release;
		};
		0DF798FA28BDF6E300B0DACD /* Build configuration list for PBXNativeTarget "ecologyUITests" */ = {
			isa = XCConfigurationList;
			buildConfigurations = (
				0DF798FB28BDF6E300B0DACD /* Debug */,
				0DF798FC28BDF6E300B0DACD /* Release */,
			);
			defaultConfigurationIsVisible = 0;
			defaultConfigurationName = Release;
		};
/* End XCConfigurationList section */
	};
	rootObject = 0DF798C828BDF6E200B0DACD /* Project object */;
}
